
Microsoft Visual Studio Solution File, Format Version 12.00
# Visual Studio Version 16
VisualStudioVersion = 16.0.34729.46
MinimumVisualStudioVersion = 10.0.40219.1
Project("{FAE04EC0-301F-11D3-BF4B-00C04F79EFBC}") = "Algorithm", "Algorithm\Algorithm.csproj", "{17E56F75-FED1-4BC4-8C52-1D2761771AAE}"
EndProject
Global
	GlobalSection(SolutionConfigurationPlatforms) = preSolution
		Debug|Any CPU = Debug|Any CPU
		Release|Any CPU = Release|Any CPU
	EndGlobalSection
	GlobalSection(ProjectConfigurationPlatforms) = postSolution
		{17E56F75-FED1-4BC4-8C52-1D2761771AAE}.Debug|Any CPU.ActiveCfg = Debug|Any CPU
		{17E56F75-FED1-4BC4-8C52-1D2761771AAE}.Debug|Any CPU.Build.0 = Debug|Any CPU
		{17E56F75-FED1-4BC4-8C52-1D2761771AAE}.Release|Any CPU.ActiveCfg = Release|Any CPU
		{17E56F75-FED1-4BC4-8C52-1D2761771AAE}.Release|Any CPU.Build.0 = Release|Any CPU
	EndGlobalSection
	GlobalSection(SolutionProperties) = preSolution
		HideSolutionNode = FALSE
	EndGlobalSection
	GlobalSection(ExtensibilityGlobals) = postSolution
		SolutionGuid = {862D5E1D-9163-4961-9C20-8A0B677F077F}
	EndGlobalSection
EndGlobal
